<?xml version="1.0" encoding="utf-8"?>
<Project ToolsVersion="4.0" xmlns="http://schemas.microsoft.com/developer/msbuild/2003">
  <ItemGroup>
    <Filter Include="src">
      <UniqueIdentifier>{B7A5BF45-9A4D-40B9-90D6-96A3CDBEAD37}</UniqueIdentifier>
    </Filter>
    <Filter Include="src\entities">
      <UniqueIdentifier>{8236384C-47E3-4FAB-9330-09F7B67976C0}</UniqueIdentifier>
    </Filter>
    <Filter Include="src\game">
      <UniqueIdentifier>{13E6F349-F7F7-4F1B-91CF-30F8590EEC41}</UniqueIdentifier>
    </Filter>
    <Filter Include="src\scenes">
      <UniqueIdentifier>{4D041D09-072A-4B30-AF6E-1DCCA4772E8A}</UniqueIdentifier>
    </Filter>
    <Filter Include="src\utils">
      <UniqueIdentifier>{8D398F26-B1FF-4046-BE07-C00A28431526}</UniqueIdentifier>
    </Filter>
  </ItemGroup>
  <ItemGroup>
    <ClCompile Include="src\entities\ball.cpp">
      <Filter>src\entities</Filter>
    </ClCompile>
    <ClCompile Include="src\entities\brick.cpp">
      <Filter>src\entities</Filter>
    </ClCompile>
    <ClCompile Include="src\entities\paddle.cpp">
      <Filter>src\entities</Filter>
    </ClCompile>
    <ClCompile Include="src\entities\powerup.cpp">
      <Filter>src\entities</Filter>
    </ClCompile>
    <ClCompile Include="src\game\game.cpp">
      <Filter>src\game</Filter>
    </ClCompile>
    <ClCompile Include="src\main.cpp">
      <Filter>src</Filter>
    </ClCompile>
    <ClCompile Include="src\scenes\credits.cpp">
      <Filter>src\scenes</Filter>
    </ClCompile>
    <ClCompile Include="src\scenes\gameplay.cpp">
      <Filter>src\scenes</Filter>
    </ClCompile>
    <ClCompile Include="src\scenes\instructions.cpp">
      <Filter>src\scenes</Filter>
    </ClCompile>
    <ClCompile Include="src\scenes\menu.cpp">
      <Filter>src\scenes</Filter>
    </ClCompile>
    <ClCompile Include="src\utils\collisions.cpp">
      <Filter>src\utils</Filter>
    </ClCompile>
    <ClCompile Include="src\utils\color.cpp">
      <Filter>src\utils</Filter>
    </ClCompile>
    <ClCompile Include="src\utils\input.cpp">
      <Filter>src\utils</Filter>
    </ClCompile>
    <ClCompile Include="src\utils\textures.cpp">
      <Filter>src\utils</Filter>
    </ClCompile>
    <ClCompile Include="src\utils\ui.cpp">
      <Filter>src\utils</Filter>
    </ClCompile>
  </ItemGroup>
  <ItemGroup>
    <ClInclude Include="src\entities\ball.h">
      <Filter>src\entities</Filter>
    </ClInclude>
    <ClInclude Include="src\entities\brick.h">
      <Filter>src\entities</Filter>
    </ClInclude>
    <ClInclude Include="src\entities\paddle.h">
      <Filter>src\entities</Filter>
    </ClInclude>
    <ClInclude Include="src\entities\powerup.h">
      <Filter>src\entities</Filter>
    </ClInclude>
    <ClInclude Include="src\game\config.h">
      <Filter>src\game</Filter>
    </ClInclude>
    <ClInclude Include="src\game\game.h">
      <Filter>src\game</Filter>
    </ClInclude>
    <ClInclude Include="src\game\scene.h">
      <Filter>src\game</Filter>
    </ClInclude>
    <ClInclude Include="src\scenes\credits.h">
      <Filter>src\scenes</Filter>
    </ClInclude>
    <ClInclude Include="src\scenes\gameplay.h">
      <Filter>src\scenes</Filter>
    </ClInclude>
    <ClInclude Include="src\scenes\instructions.h">
      <Filter>src\scenes</Filter>
    </ClInclude>
    <ClInclude Include="src\scenes\menu.h">
      <Filter>src\scenes</Filter>
    </ClInclude>
    <ClInclude Include="src\utils\collisions.h">
      <Filter>src\utils</Filter>
    </ClInclude>
    <ClInclude Include="src\utils\color.h">
      <Filter>src\utils</Filter>
    </ClInclude>
    <ClInclude Include="src\utils\input.h">
      <Filter>src\utils</Filter>
    </ClInclude>
    <ClInclude Include="src\utils\textures.h">
      <Filter>src\utils</Filter>
    </ClInclude>
    <ClInclude Include="src\utils\ui.h">
      <Filter>src\utils</Filter>
    </ClInclude>
  </ItemGroup>
</Project>
